
Microsoft Visual Studio Solution File, Format Version 12.00
# Visual Studio Version 16
VisualStudioVersion = 16.0.30711.63
MinimumVisualStudioVersion = 10.0.40219.1
Project("{FAE04EC0-301F-11D3-BF4B-00C04F79EFBC}") = "Exercise 2.2", "Exercise 2.2\Exercise 2.2.csproj", "{14350206-C036-4FA8-81DA-238F9197A33E}"
EndProject
Global
	GlobalSection(SolutionConfigurationPlatforms) = preSolution
		Debug|Any CPU = Debug|Any CPU
		Release|Any CPU = Release|Any CPU
	EndGlobalSection
	GlobalSection(ProjectConfigurationPlatforms) = postSolution
		{14350206-C036-4FA8-81DA-238F9197A33E}.Debug|Any CPU.ActiveCfg = Debug|Any CPU
		{14350206-C036-4FA8-81DA-238F9197A33E}.Debug|Any CPU.Build.0 = Debug|Any CPU
		{14350206-C036-4FA8-81DA-238F9197A33E}.Release|Any CPU.ActiveCfg = Release|Any CPU
		{14350206-C036-4FA8-81DA-238F9197A33E}.Release|Any CPU.Build.0 = Release|Any CPU
	EndGlobalSection
	GlobalSection(SolutionProperties) = preSolution
		HideSolutionNode = FALSE
	EndGlobalSection
	GlobalSection(ExtensibilityGlobals) = postSolution
		SolutionGuid = {1F7D2159-30D2-444C-9705-ACBA2A350941}
	EndGlobalSection
EndGlobal
